
Microsoft Visual Studio Solution File, Format Version 12.00
# Visual Studio Version 17
VisualStudioVersion = 17.3.32922.545
MinimumVisualStudioVersion = 10.0.40219.1
Project("{9A19103F-16F7-4668-BE54-9A1E7A4F7556}") = "KooliProjekt", "KooliProjekt\KooliProjekt.csproj", "{B6064AB2-66AC-4896-9DFE-E8C97404F6E0}"
EndProject
Project("{9A19103F-16F7-4668-BE54-9A1E7A4F7556}") = "KooliProjekt.UnitTests", "KooliProjekt.UnitTests\KooliProjekt.UnitTests.csproj", "{CBFB05F1-7778-40F4-9BED-F32558936476}"
EndProject
Project("{FAE04EC0-301F-11D3-BF4B-00C04F79EFBC}") = "KooliProjekt.IntegrationTests", "KooliProjekt.IntegrationTests\KooliProjekt.IntegrationTests.csproj", "{3A7D9D29-425C-86E8-EECE-B666CE7CD094}"
EndProject
Project("{FAE04EC0-301F-11D3-BF4B-00C04F79EFBC}") = "KooliProjekt.WpfClient", "KooliProjekt.WpfClient\KooliProjekt.WpfClient.csproj", "{3EB7F821-6A33-4DFE-BF52-FCF651F9A642}"
EndProject
Project("{FAE04EC0-301F-11D3-BF4B-00C04F79EFBC}") = "KooliProjekt.WpfClient.UnitTests", "KooliProjekt.WpfClient.UnitTests\KooliProjekt.WpfClient.UnitTests.csproj", "{CD95AB23-281E-4A31-9560-B8FF403EEFA9}"
EndProject
Project("{FAE04EC0-301F-11D3-BF4B-00C04F79EFBC}") = "KooliProjekt.WinFormsApp", "..\..\..\Downloads\KooliProjekt.WinFormsApp\KooliProjekt.WinFormsApp\KooliProjekt.WinFormsApp.csproj", "{04B3A0F1-CB3D-4D2A-2908-987DC91766B5}"
EndProject
Project("{FAE04EC0-301F-11D3-BF4B-00C04F79EFBC}") = "KooliProjekt.BlazorApp", "KooliProjekt.BlazorApp\KooliProjekt.BlazorApp.csproj", "{052B9001-1E15-41E0-95AF-9ABF5BE18495}"
EndProject
Global
	GlobalSection(SolutionConfigurationPlatforms) = preSolution
		Debug|Any CPU = Debug|Any CPU
		Release|Any CPU = Release|Any CPU
	EndGlobalSection
	GlobalSection(ProjectConfigurationPlatforms) = postSolution
		{B6064AB2-66AC-4896-9DFE-E8C97404F6E0}.Debug|Any CPU.ActiveCfg = Debug|Any CPU
		{B6064AB2-66AC-4896-9DFE-E8C97404F6E0}.Debug|Any CPU.Build.0 = Debug|Any CPU
		{B6064AB2-66AC-4896-9DFE-E8C97404F6E0}.Release|Any CPU.ActiveCfg = Release|Any CPU
		{B6064AB2-66AC-4896-9DFE-E8C97404F6E0}.Release|Any CPU.Build.0 = Release|Any CPU
		{CBFB05F1-7778-40F4-9BED-F32558936476}.Debug|Any CPU.ActiveCfg = Debug|Any CPU
		{CBFB05F1-7778-40F4-9BED-F32558936476}.Debug|Any CPU.Build.0 = Debug|Any CPU
		{CBFB05F1-7778-40F4-9BED-F32558936476}.Release|Any CPU.ActiveCfg = Release|Any CPU
		{CBFB05F1-7778-40F4-9BED-F32558936476}.Release|Any CPU.Build.0 = Release|Any CPU
		{3A7D9D29-425C-86E8-EECE-B666CE7CD094}.Debug|Any CPU.ActiveCfg = Debug|Any CPU
		{3A7D9D29-425C-86E8-EECE-B666CE7CD094}.Debug|Any CPU.Build.0 = Debug|Any CPU
		{3A7D9D29-425C-86E8-EECE-B666CE7CD094}.Release|Any CPU.ActiveCfg = Release|Any CPU
		{3A7D9D29-425C-86E8-EECE-B666CE7CD094}.Release|Any CPU.Build.0 = Release|Any CPU
		{3EB7F821-6A33-4DFE-BF52-FCF651F9A642}.Debug|Any CPU.ActiveCfg = Debug|Any CPU
		{3EB7F821-6A33-4DFE-BF52-FCF651F9A642}.Debug|Any CPU.Build.0 = Debug|Any CPU
		{3EB7F821-6A33-4DFE-BF52-FCF651F9A642}.Release|Any CPU.ActiveCfg = Release|Any CPU
		{3EB7F821-6A33-4DFE-BF52-FCF651F9A642}.Release|Any CPU.Build.0 = Release|Any CPU
		{CD95AB23-281E-4A31-9560-B8FF403EEFA9}.Debug|Any CPU.ActiveCfg = Debug|Any CPU
		{CD95AB23-281E-4A31-9560-B8FF403EEFA9}.Debug|Any CPU.Build.0 = Debug|Any CPU
		{CD95AB23-281E-4A31-9560-B8FF403EEFA9}.Release|Any CPU.ActiveCfg = Release|Any CPU
		{CD95AB23-281E-4A31-9560-B8FF403EEFA9}.Release|Any CPU.Build.0 = Release|Any CPU
		{04B3A0F1-CB3D-4D2A-2908-987DC91766B5}.Debug|Any CPU.ActiveCfg = Debug|Any CPU
		{04B3A0F1-CB3D-4D2A-2908-987DC91766B5}.Debug|Any CPU.Build.0 = Debug|Any CPU
		{04B3A0F1-CB3D-4D2A-2908-987DC91766B5}.Release|Any CPU.ActiveCfg = Release|Any CPU
		{04B3A0F1-CB3D-4D2A-2908-987DC91766B5}.Release|Any CPU.Build.0 = Release|Any CPU
		{052B9001-1E15-41E0-95AF-9ABF5BE18495}.Debug|Any CPU.ActiveCfg = Debug|Any CPU
		{052B9001-1E15-41E0-95AF-9ABF5BE18495}.Debug|Any CPU.Build.0 = Debug|Any CPU
		{052B9001-1E15-41E0-95AF-9ABF5BE18495}.Release|Any CPU.ActiveCfg = Release|Any CPU
		{052B9001-1E15-41E0-95AF-9ABF5BE18495}.Release|Any CPU.Build.0 = Release|Any CPU
	EndGlobalSection
	GlobalSection(SolutionProperties) = preSolution
		HideSolutionNode = FALSE
	EndGlobalSection
	GlobalSection(ExtensibilityGlobals) = postSolution
		SolutionGuid = {792456E2-8406-497C-97E7-7999439674C1}
	EndGlobalSection
EndGlobal
